
Microsoft Visual Studio Solution File, Format Version 12.00
# Visual Studio Version 17
VisualStudioVersion = 17.12.35514.174
MinimumVisualStudioVersion = 10.0.40219.1
Project("{FAE04EC0-301F-11D3-BF4B-00C04F79EFBC}") = "MyFirstConsoleApp", "MyFirstConsoleApp\MyFirstConsoleApp.csproj", "{77BAA863-0E22-4A67-B1F5-D7C5A6046766}"
EndProject
Project("{FAE04EC0-301F-11D3-BF4B-00C04F79EFBC}") = "SimpleCalculatorLibrary", "SimpleCalculatorLibrary\SimpleCalculatorLibrary.csproj", "{CCCA5D52-F2D8-4A01-B146-2FA067F4E565}"
EndProject
Project("{FAE04EC0-301F-11D3-BF4B-00C04F79EFBC}") = "WinFormsCalculatorApp", "WinFormsCalculatorApp\WinFormsCalculatorApp.csproj", "{6FC1A464-C301-40DF-96BE-1B3FD7DCFB0F}"
EndProject
Project("{FAE04EC0-301F-11D3-BF4B-00C04F79EFBC}") = "BasicsDemo", "BasicsDemo\BasicsDemo.csproj", "{2AE41F25-504D-4763-BD82-01EB3DBC1606}"
EndProject
Project("{FAE04EC0-301F-11D3-BF4B-00C04F79EFBC}") = "OODemos", "OODemos\OODemos.csproj", "{2211A9AA-0A95-47D5-8C77-9F35C9FEC986}"
EndProject
Project("{FAE04EC0-301F-11D3-BF4B-00C04F79EFBC}") = "TrainerTraineeApp", "TrainerTraineeApp\TrainerTraineeApp.csproj", "{0E9AD01D-213B-4AEF-A5E9-E0FA132E8E66}"
EndProject
Project("{FAE04EC0-301F-11D3-BF4B-00C04F79EFBC}") = "EnginesDemo", "EnginesDemo\EnginesDemo.csproj", "{5D8B1511-7009-4D17-BBB4-9A9A5D0666AD}"
EndProject
Project("{FAE04EC0-301F-11D3-BF4B-00C04F79EFBC}") = "IDECasestudy", "IDECasestudy\IDECasestudy.csproj", "{C65E9868-1EE5-45C0-854E-5AADAC6B0687}"
EndProject
Project("{FAE04EC0-301F-11D3-BF4B-00C04F79EFBC}") = "CollectionsDemo1", "CollectionsDemo1\CollectionsDemo1.csproj", "{B45AB8D1-184C-4D3B-9DD2-95AE3C34BEE4}"
EndProject
Project("{2150E333-8FDC-42A3-9474-1A3956D46DE8}") = "Collection", "Collection", "{26258128-7294-4679-B753-6AB52DD0D344}"
EndProject
Project("{2150E333-8FDC-42A3-9474-1A3956D46DE8}") = "OO Demos", "OO Demos", "{095758B6-C343-465C-A7B9-39468EDA66EC}"
EndProject
Project("{FAE04EC0-301F-11D3-BF4B-00C04F79EFBC}") = "CollectionDemo2", "CollectionDemo2\CollectionDemo2.csproj", "{848BA789-17F0-491E-81EF-649045B13A28}"
EndProject
Project("{FAE04EC0-301F-11D3-BF4B-00C04F79EFBC}") = "CollectionsDemo3", "CollectionsDemo3\CollectionsDemo3.csproj", "{74489C28-8C2B-49B4-9BA5-AFD1AA240B71}"
EndProject
Project("{2150E333-8FDC-42A3-9474-1A3956D46DE8}") = "Exceptions Demo", "Exceptions Demo", "{C3000FEF-1801-41BA-9A29-FD3688270801}"
EndProject
Project("{FAE04EC0-301F-11D3-BF4B-00C04F79EFBC}") = "ExceptionsDemo", "ExceptionsDemo\ExceptionsDemo.csproj", "{7487B3CA-DE01-45B9-AD65-37371CA61F3B}"
EndProject
Project("{2150E333-8FDC-42A3-9474-1A3956D46DE8}") = "LINQ Demos", "LINQ Demos", "{48A39E35-AF4F-43B6-8D37-74EE39487D8A}"
EndProject
Project("{FAE04EC0-301F-11D3-BF4B-00C04F79EFBC}") = "Linq1", "Linq1\Linq1.csproj", "{97D85CF9-13F8-480F-A7FA-896AAEE7AE6A}"
EndProject
Project("{FAE04EC0-301F-11D3-BF4B-00C04F79EFBC}") = "LinqDemo2", "LinqDemo2\LinqDemo2.csproj", "{1571AC68-4547-4D5F-A78D-93DCD0F7D586}"
EndProject
Project("{FAE04EC0-301F-11D3-BF4B-00C04F79EFBC}") = "LinqDemo3", "LinqDemo3\LinqDemo3.csproj", "{A7856376-A0BA-426D-B9FD-7932C5600118}"
EndProject
Project("{FAE04EC0-301F-11D3-BF4B-00C04F79EFBC}") = "LinqDemo4", "LinqDemo4\LinqDemo4.csproj", "{B08EC5D7-D938-498E-A2C7-2BA7146A3760}"
EndProject
Project("{FAE04EC0-301F-11D3-BF4B-00C04F79EFBC}") = "LinqDemo5", "LinqDemo5\LinqDemo5.csproj", "{9099D83D-B6EE-4780-9998-7392936673E4}"
EndProject
Project("{FAE04EC0-301F-11D3-BF4B-00C04F79EFBC}") = "LinqToXml1", "LinqToXml1\LinqToXml1.csproj", "{ADD693D6-F648-4329-9D4D-03599E018206}"
EndProject
Project("{FAE04EC0-301F-11D3-BF4B-00C04F79EFBC}") = "LinqToXml2", "LinqToXml2\LinqToXml2.csproj", "{9D0A067C-1042-4B76-A58B-D3AE71D30BEE}"
EndProject
Project("{2150E333-8FDC-42A3-9474-1A3956D46DE8}") = "EF Demos", "EF Demos", "{40752535-9D52-46DB-8E0E-886E6F01DBA9}"
EndProject
Project("{FAE04EC0-301F-11D3-BF4B-00C04F79EFBC}") = "EFDemoApp", "EFDemoApp\EFDemoApp.csproj", "{8E9892A0-5406-4ACE-B082-1B4A519677E1}"
EndProject
Project("{FAE04EC0-301F-11D3-BF4B-00C04F79EFBC}") = "EFDbFirstDemo", "EFDbFirstDemo\EFDbFirstDemo.csproj", "{93CFF551-EC04-4987-8872-389B7EB1AD6C}"
EndProject
Project("{2150E333-8FDC-42A3-9474-1A3956D46DE8}") = "MVC Demos", "MVC Demos", "{C9D1C04D-DDB7-4484-9E6E-334156485E87}"
EndProject
Project("{FAE04EC0-301F-11D3-BF4B-00C04F79EFBC}") = "WebApplication1", "WebApplication1\WebApplication1.csproj", "{F2D6A0F5-D5E8-4C91-BF6E-FA4D7D47E8E3}"
EndProject
Project("{2150E333-8FDC-42A3-9474-1A3956D46DE8}") = "Knowledge Hub Portal", "Knowledge Hub Portal", "{1DD07CC9-2E94-4A9F-BF91-96CEB7DE651B}"
EndProject
Project("{2150E333-8FDC-42A3-9474-1A3956D46DE8}") = "Presentation Layer", "Presentation Layer", "{DC02D290-45F8-40E2-ADB7-1746EC405BB5}"
EndProject
Project("{2150E333-8FDC-42A3-9474-1A3956D46DE8}") = "Domain Layer", "Domain Layer", "{00209FA2-F3E5-4954-83E1-3F1EFEF5F6EC}"
EndProject
Project("{2150E333-8FDC-42A3-9474-1A3956D46DE8}") = "Data Layer", "Data Layer", "{5BE35BFF-81A3-4D0F-85D7-5763E3371D62}"
EndProject
Project("{FAE04EC0-301F-11D3-BF4B-00C04F79EFBC}") = "KnowledgeHubPortal.Data", "KnowledgeHubPortal.Data\KnowledgeHubPortal.Data.csproj", "{28592D57-D4E2-461F-993F-B5BFB0EA2ADF}"
EndProject
Project("{FAE04EC0-301F-11D3-BF4B-00C04F79EFBC}") = "KnowledgeHubPortal.Domain", "KnowledgeHubPortal.Domain\KnowledgeHubPortal.Domain.csproj", "{F36A548F-4453-4082-8474-7FE11EFAC65A}"
EndProject
Project("{FAE04EC0-301F-11D3-BF4B-00C04F79EFBC}") = "KnowledgeHubPortal.Web", "KnowledgeHubPortal.Web\KnowledgeHubPortal.Web.csproj", "{7E26E270-C3E2-43B8-B3A9-2A5C3BE695FE}"
EndProject
Project("{FAE04EC0-301F-11D3-BF4B-00C04F79EFBC}") = "ContactsManagementWebApp", "ContactsManagementWebApp\ContactsManagementWebApp.csproj", "{85FE8F3E-82EE-463A-82A9-06A8D6B5815F}"
EndProject
Project("{2150E333-8FDC-42A3-9474-1A3956D46DE8}") = "Unit Testing Demos", "Unit Testing Demos", "{7A35BB3A-7955-4B68-A895-64213B51909C}"
EndProject
Project("{FAE04EC0-301F-11D3-BF4B-00C04F79EFBC}") = "CalculatorClassLibrary", "CalculatorClassLibrary\CalculatorClassLibrary.csproj", "{8F79B642-3295-4C7A-8A23-1ED6529F65C4}"
EndProject
Project("{FAE04EC0-301F-11D3-BF4B-00C04F79EFBC}") = "CalculatorClassLibrary.TestProject", "CalculatorClassLibrary.TestProject\CalculatorClassLibrary.TestProject.csproj", "{97220E98-E0F5-4E37-B2AE-F23CC35B98D5}"
EndProject
Global
	GlobalSection(SolutionConfigurationPlatforms) = preSolution
		Debug|Any CPU = Debug|Any CPU
		Release|Any CPU = Release|Any CPU
	EndGlobalSection
	GlobalSection(ProjectConfigurationPlatforms) = postSolution
		{77BAA863-0E22-4A67-B1F5-D7C5A6046766}.Debug|Any CPU.ActiveCfg = Debug|Any CPU
		{77BAA863-0E22-4A67-B1F5-D7C5A6046766}.Debug|Any CPU.Build.0 = Debug|Any CPU
		{77BAA863-0E22-4A67-B1F5-D7C5A6046766}.Release|Any CPU.ActiveCfg = Release|Any CPU
		{77BAA863-0E22-4A67-B1F5-D7C5A6046766}.Release|Any CPU.Build.0 = Release|Any CPU
		{CCCA5D52-F2D8-4A01-B146-2FA067F4E565}.Debug|Any CPU.ActiveCfg = Debug|Any CPU
		{CCCA5D52-F2D8-4A01-B146-2FA067F4E565}.Debug|Any CPU.Build.0 = Debug|Any CPU
		{CCCA5D52-F2D8-4A01-B146-2FA067F4E565}.Release|Any CPU.ActiveCfg = Release|Any CPU
		{CCCA5D52-F2D8-4A01-B146-2FA067F4E565}.Release|Any CPU.Build.0 = Release|Any CPU
		{6FC1A464-C301-40DF-96BE-1B3FD7DCFB0F}.Debug|Any CPU.ActiveCfg = Debug|Any CPU
		{6FC1A464-C301-40DF-96BE-1B3FD7DCFB0F}.Debug|Any CPU.Build.0 = Debug|Any CPU
		{6FC1A464-C301-40DF-96BE-1B3FD7DCFB0F}.Release|Any CPU.ActiveCfg = Release|Any CPU
		{6FC1A464-C301-40DF-96BE-1B3FD7DCFB0F}.Release|Any CPU.Build.0 = Release|Any CPU
		{2AE41F25-504D-4763-BD82-01EB3DBC1606}.Debug|Any CPU.ActiveCfg = Debug|Any CPU
		{2AE41F25-504D-4763-BD82-01EB3DBC1606}.Debug|Any CPU.Build.0 = Debug|Any CPU
		{2AE41F25-504D-4763-BD82-01EB3DBC1606}.Release|Any CPU.ActiveCfg = Release|Any CPU
		{2AE41F25-504D-4763-BD82-01EB3DBC1606}.Release|Any CPU.Build.0 = Release|Any CPU
		{2211A9AA-0A95-47D5-8C77-9F35C9FEC986}.Debug|Any CPU.ActiveCfg = Debug|Any CPU
		{2211A9AA-0A95-47D5-8C77-9F35C9FEC986}.Debug|Any CPU.Build.0 = Debug|Any CPU
		{2211A9AA-0A95-47D5-8C77-9F35C9FEC986}.Release|Any CPU.ActiveCfg = Release|Any CPU
		{2211A9AA-0A95-47D5-8C77-9F35C9FEC986}.Release|Any CPU.Build.0 = Release|Any CPU
		{0E9AD01D-213B-4AEF-A5E9-E0FA132E8E66}.Debug|Any CPU.ActiveCfg = Debug|Any CPU
		{0E9AD01D-213B-4AEF-A5E9-E0FA132E8E66}.Debug|Any CPU.Build.0 = Debug|Any CPU
		{0E9AD01D-213B-4AEF-A5E9-E0FA132E8E66}.Release|Any CPU.ActiveCfg = Release|Any CPU
		{0E9AD01D-213B-4AEF-A5E9-E0FA132E8E66}.Release|Any CPU.Build.0 = Release|Any CPU
		{5D8B1511-7009-4D17-BBB4-9A9A5D0666AD}.Debug|Any CPU.ActiveCfg = Debug|Any CPU
		{5D8B1511-7009-4D17-BBB4-9A9A5D0666AD}.Debug|Any CPU.Build.0 = Debug|Any CPU
		{5D8B1511-7009-4D17-BBB4-9A9A5D0666AD}.Release|Any CPU.ActiveCfg = Release|Any CPU
		{5D8B1511-7009-4D17-BBB4-9A9A5D0666AD}.Release|Any CPU.Build.0 = Release|Any CPU
		{C65E9868-1EE5-45C0-854E-5AADAC6B0687}.Debug|Any CPU.ActiveCfg = Debug|Any CPU
		{C65E9868-1EE5-45C0-854E-5AADAC6B0687}.Debug|Any CPU.Build.0 = Debug|Any CPU
		{C65E9868-1EE5-45C0-854E-5AADAC6B0687}.Release|Any CPU.ActiveCfg = Release|Any CPU
		{C65E9868-1EE5-45C0-854E-5AADAC6B0687}.Release|Any CPU.Build.0 = Release|Any CPU
		{B45AB8D1-184C-4D3B-9DD2-95AE3C34BEE4}.Debug|Any CPU.ActiveCfg = Debug|Any CPU
		{B45AB8D1-184C-4D3B-9DD2-95AE3C34BEE4}.Debug|Any CPU.Build.0 = Debug|Any CPU
		{B45AB8D1-184C-4D3B-9DD2-95AE3C34BEE4}.Release|Any CPU.ActiveCfg = Release|Any CPU
		{B45AB8D1-184C-4D3B-9DD2-95AE3C34BEE4}.Release|Any CPU.Build.0 = Release|Any CPU
		{848BA789-17F0-491E-81EF-649045B13A28}.Debug|Any CPU.ActiveCfg = Debug|Any CPU
		{848BA789-17F0-491E-81EF-649045B13A28}.Debug|Any CPU.Build.0 = Debug|Any CPU
		{848BA789-17F0-491E-81EF-649045B13A28}.Release|Any CPU.ActiveCfg = Release|Any CPU
		{848BA789-17F0-491E-81EF-649045B13A28}.Release|Any CPU.Build.0 = Release|Any CPU
		{74489C28-8C2B-49B4-9BA5-AFD1AA240B71}.Debug|Any CPU.ActiveCfg = Debug|Any CPU
		{74489C28-8C2B-49B4-9BA5-AFD1AA240B71}.Debug|Any CPU.Build.0 = Debug|Any CPU
		{74489C28-8C2B-49B4-9BA5-AFD1AA240B71}.Release|Any CPU.ActiveCfg = Release|Any CPU
		{74489C28-8C2B-49B4-9BA5-AFD1AA240B71}.Release|Any CPU.Build.0 = Release|Any CPU
		{7487B3CA-DE01-45B9-AD65-37371CA61F3B}.Debug|Any CPU.ActiveCfg = Debug|Any CPU
		{7487B3CA-DE01-45B9-AD65-37371CA61F3B}.Debug|Any CPU.Build.0 = Debug|Any CPU
		{7487B3CA-DE01-45B9-AD65-37371CA61F3B}.Release|Any CPU.ActiveCfg = Release|Any CPU
		{7487B3CA-DE01-45B9-AD65-37371CA61F3B}.Release|Any CPU.Build.0 = Release|Any CPU
		{97D85CF9-13F8-480F-A7FA-896AAEE7AE6A}.Debug|Any CPU.ActiveCfg = Debug|Any CPU
		{97D85CF9-13F8-480F-A7FA-896AAEE7AE6A}.Debug|Any CPU.Build.0 = Debug|Any CPU
		{97D85CF9-13F8-480F-A7FA-896AAEE7AE6A}.Release|Any CPU.ActiveCfg = Release|Any CPU
		{97D85CF9-13F8-480F-A7FA-896AAEE7AE6A}.Release|Any CPU.Build.0 = Release|Any CPU
		{1571AC68-4547-4D5F-A78D-93DCD0F7D586}.Debug|Any CPU.ActiveCfg = Debug|Any CPU
		{1571AC68-4547-4D5F-A78D-93DCD0F7D586}.Debug|Any CPU.Build.0 = Debug|Any CPU
		{1571AC68-4547-4D5F-A78D-93DCD0F7D586}.Release|Any CPU.ActiveCfg = Release|Any CPU
		{1571AC68-4547-4D5F-A78D-93DCD0F7D586}.Release|Any CPU.Build.0 = Release|Any CPU
		{A7856376-A0BA-426D-B9FD-7932C5600118}.Debug|Any CPU.ActiveCfg = Debug|Any CPU
		{A7856376-A0BA-426D-B9FD-7932C5600118}.Debug|Any CPU.Build.0 = Debug|Any CPU
		{A7856376-A0BA-426D-B9FD-7932C5600118}.Release|Any CPU.ActiveCfg = Release|Any CPU
		{A7856376-A0BA-426D-B9FD-7932C5600118}.Release|Any CPU.Build.0 = Release|Any CPU
		{B08EC5D7-D938-498E-A2C7-2BA7146A3760}.Debug|Any CPU.ActiveCfg = Debug|Any CPU
		{B08EC5D7-D938-498E-A2C7-2BA7146A3760}.Debug|Any CPU.Build.0 = Debug|Any CPU
		{B08EC5D7-D938-498E-A2C7-2BA7146A3760}.Release|Any CPU.ActiveCfg = Release|Any CPU
		{B08EC5D7-D938-498E-A2C7-2BA7146A3760}.Release|Any CPU.Build.0 = Release|Any CPU
		{9099D83D-B6EE-4780-9998-7392936673E4}.Debug|Any CPU.ActiveCfg = Debug|Any CPU
		{9099D83D-B6EE-4780-9998-7392936673E4}.Debug|Any CPU.Build.0 = Debug|Any CPU
		{9099D83D-B6EE-4780-9998-7392936673E4}.Release|Any CPU.ActiveCfg = Release|Any CPU
		{9099D83D-B6EE-4780-9998-7392936673E4}.Release|Any CPU.Build.0 = Release|Any CPU
		{ADD693D6-F648-4329-9D4D-03599E018206}.Debug|Any CPU.ActiveCfg = Debug|Any CPU
		{ADD693D6-F648-4329-9D4D-03599E018206}.Debug|Any CPU.Build.0 = Debug|Any CPU
		{ADD693D6-F648-4329-9D4D-03599E018206}.Release|Any CPU.ActiveCfg = Release|Any CPU
		{ADD693D6-F648-4329-9D4D-03599E018206}.Release|Any CPU.Build.0 = Release|Any CPU
		{9D0A067C-1042-4B76-A58B-D3AE71D30BEE}.Debug|Any CPU.ActiveCfg = Debug|Any CPU
		{9D0A067C-1042-4B76-A58B-D3AE71D30BEE}.Debug|Any CPU.Build.0 = Debug|Any CPU
		{9D0A067C-1042-4B76-A58B-D3AE71D30BEE}.Release|Any CPU.ActiveCfg = Release|Any CPU
		{9D0A067C-1042-4B76-A58B-D3AE71D30BEE}.Release|Any CPU.Build.0 = Release|Any CPU
		{8E9892A0-5406-4ACE-B082-1B4A519677E1}.Debug|Any CPU.ActiveCfg = Debug|Any CPU
		{8E9892A0-5406-4ACE-B082-1B4A519677E1}.Debug|Any CPU.Build.0 = Debug|Any CPU
		{8E9892A0-5406-4ACE-B082-1B4A519677E1}.Release|Any CPU.ActiveCfg = Release|Any CPU
		{8E9892A0-5406-4ACE-B082-1B4A519677E1}.Release|Any CPU.Build.0 = Release|Any CPU
		{93CFF551-EC04-4987-8872-389B7EB1AD6C}.Debug|Any CPU.ActiveCfg = Debug|Any CPU
		{93CFF551-EC04-4987-8872-389B7EB1AD6C}.Debug|Any CPU.Build.0 = Debug|Any CPU
		{93CFF551-EC04-4987-8872-389B7EB1AD6C}.Release|Any CPU.ActiveCfg = Release|Any CPU
		{93CFF551-EC04-4987-8872-389B7EB1AD6C}.Release|Any CPU.Build.0 = Release|Any CPU
		{F2D6A0F5-D5E8-4C91-BF6E-FA4D7D47E8E3}.Debug|Any CPU.ActiveCfg = Debug|Any CPU
		{F2D6A0F5-D5E8-4C91-BF6E-FA4D7D47E8E3}.Debug|Any CPU.Build.0 = Debug|Any CPU
		{F2D6A0F5-D5E8-4C91-BF6E-FA4D7D47E8E3}.Release|Any CPU.ActiveCfg = Release|Any CPU
		{F2D6A0F5-D5E8-4C91-BF6E-FA4D7D47E8E3}.Release|Any CPU.Build.0 = Release|Any CPU
		{28592D57-D4E2-461F-993F-B5BFB0EA2ADF}.Debug|Any CPU.ActiveCfg = Debug|Any CPU
		{28592D57-D4E2-461F-993F-B5BFB0EA2ADF}.Debug|Any CPU.Build.0 = Debug|Any CPU
		{28592D57-D4E2-461F-993F-B5BFB0EA2ADF}.Release|Any CPU.ActiveCfg = Release|Any CPU
		{28592D57-D4E2-461F-993F-B5BFB0EA2ADF}.Release|Any CPU.Build.0 = Release|Any CPU
		{F36A548F-4453-4082-8474-7FE11EFAC65A}.Debug|Any CPU.ActiveCfg = Debug|Any CPU
		{F36A548F-4453-4082-8474-7FE11EFAC65A}.Debug|Any CPU.Build.0 = Debug|Any CPU
		{F36A548F-4453-4082-8474-7FE11EFAC65A}.Release|Any CPU.ActiveCfg = Release|Any CPU
		{F36A548F-4453-4082-8474-7FE11EFAC65A}.Release|Any CPU.Build.0 = Release|Any CPU
		{7E26E270-C3E2-43B8-B3A9-2A5C3BE695FE}.Debug|Any CPU.ActiveCfg = Debug|Any CPU
		{7E26E270-C3E2-43B8-B3A9-2A5C3BE695FE}.Debug|Any CPU.Build.0 = Debug|Any CPU
		{7E26E270-C3E2-43B8-B3A9-2A5C3BE695FE}.Release|Any CPU.ActiveCfg = Release|Any CPU
		{7E26E270-C3E2-43B8-B3A9-2A5C3BE695FE}.Release|Any CPU.Build.0 = Release|Any CPU
		{85FE8F3E-82EE-463A-82A9-06A8D6B5815F}.Debug|Any CPU.ActiveCfg = Debug|Any CPU
		{85FE8F3E-82EE-463A-82A9-06A8D6B5815F}.Debug|Any CPU.Build.0 = Debug|Any CPU
		{85FE8F3E-82EE-463A-82A9-06A8D6B5815F}.Release|Any CPU.ActiveCfg = Release|Any CPU
		{85FE8F3E-82EE-463A-82A9-06A8D6B5815F}.Release|Any CPU.Build.0 = Release|Any CPU
		{8F79B642-3295-4C7A-8A23-1ED6529F65C4}.Debug|Any CPU.ActiveCfg = Debug|Any CPU
		{8F79B642-3295-4C7A-8A23-1ED6529F65C4}.Debug|Any CPU.Build.0 = Debug|Any CPU
		{8F79B642-3295-4C7A-8A23-1ED6529F65C4}.Release|Any CPU.ActiveCfg = Release|Any CPU
		{8F79B642-3295-4C7A-8A23-1ED6529F65C4}.Release|Any CPU.Build.0 = Release|Any CPU
		{97220E98-E0F5-4E37-B2AE-F23CC35B98D5}.Debug|Any CPU.ActiveCfg = Debug|Any CPU
		{97220E98-E0F5-4E37-B2AE-F23CC35B98D5}.Debug|Any CPU.Build.0 = Debug|Any CPU
		{97220E98-E0F5-4E37-B2AE-F23CC35B98D5}.Release|Any CPU.ActiveCfg = Release|Any CPU
		{97220E98-E0F5-4E37-B2AE-F23CC35B98D5}.Release|Any CPU.Build.0 = Release|Any CPU
	EndGlobalSection
	GlobalSection(SolutionProperties) = preSolution
		HideSolutionNode = FALSE
	EndGlobalSection
	GlobalSection(NestedProjects) = preSolution
		{2211A9AA-0A95-47D5-8C77-9F35C9FEC986} = {095758B6-C343-465C-A7B9-39468EDA66EC}
		{5D8B1511-7009-4D17-BBB4-9A9A5D0666AD} = {095758B6-C343-465C-A7B9-39468EDA66EC}
		{C65E9868-1EE5-45C0-854E-5AADAC6B0687} = {095758B6-C343-465C-A7B9-39468EDA66EC}
		{B45AB8D1-184C-4D3B-9DD2-95AE3C34BEE4} = {26258128-7294-4679-B753-6AB52DD0D344}
		{848BA789-17F0-491E-81EF-649045B13A28} = {26258128-7294-4679-B753-6AB52DD0D344}
		{74489C28-8C2B-49B4-9BA5-AFD1AA240B71} = {26258128-7294-4679-B753-6AB52DD0D344}
		{7487B3CA-DE01-45B9-AD65-37371CA61F3B} = {C3000FEF-1801-41BA-9A29-FD3688270801}
		{97D85CF9-13F8-480F-A7FA-896AAEE7AE6A} = {48A39E35-AF4F-43B6-8D37-74EE39487D8A}
		{1571AC68-4547-4D5F-A78D-93DCD0F7D586} = {48A39E35-AF4F-43B6-8D37-74EE39487D8A}
		{A7856376-A0BA-426D-B9FD-7932C5600118} = {48A39E35-AF4F-43B6-8D37-74EE39487D8A}
		{B08EC5D7-D938-498E-A2C7-2BA7146A3760} = {48A39E35-AF4F-43B6-8D37-74EE39487D8A}
		{9099D83D-B6EE-4780-9998-7392936673E4} = {48A39E35-AF4F-43B6-8D37-74EE39487D8A}
		{ADD693D6-F648-4329-9D4D-03599E018206} = {48A39E35-AF4F-43B6-8D37-74EE39487D8A}
		{9D0A067C-1042-4B76-A58B-D3AE71D30BEE} = {48A39E35-AF4F-43B6-8D37-74EE39487D8A}
		{8E9892A0-5406-4ACE-B082-1B4A519677E1} = {40752535-9D52-46DB-8E0E-886E6F01DBA9}
		{93CFF551-EC04-4987-8872-389B7EB1AD6C} = {40752535-9D52-46DB-8E0E-886E6F01DBA9}
		{F2D6A0F5-D5E8-4C91-BF6E-FA4D7D47E8E3} = {C9D1C04D-DDB7-4484-9E6E-334156485E87}
		{DC02D290-45F8-40E2-ADB7-1746EC405BB5} = {1DD07CC9-2E94-4A9F-BF91-96CEB7DE651B}
		{00209FA2-F3E5-4954-83E1-3F1EFEF5F6EC} = {1DD07CC9-2E94-4A9F-BF91-96CEB7DE651B}
		{5BE35BFF-81A3-4D0F-85D7-5763E3371D62} = {1DD07CC9-2E94-4A9F-BF91-96CEB7DE651B}
		{28592D57-D4E2-461F-993F-B5BFB0EA2ADF} = {5BE35BFF-81A3-4D0F-85D7-5763E3371D62}
		{F36A548F-4453-4082-8474-7FE11EFAC65A} = {00209FA2-F3E5-4954-83E1-3F1EFEF5F6EC}
		{7E26E270-C3E2-43B8-B3A9-2A5C3BE695FE} = {DC02D290-45F8-40E2-ADB7-1746EC405BB5}
		{85FE8F3E-82EE-463A-82A9-06A8D6B5815F} = {C9D1C04D-DDB7-4484-9E6E-334156485E87}
		{8F79B642-3295-4C7A-8A23-1ED6529F65C4} = {7A35BB3A-7955-4B68-A895-64213B51909C}
		{97220E98-E0F5-4E37-B2AE-F23CC35B98D5} = {7A35BB3A-7955-4B68-A895-64213B51909C}
	EndGlobalSection
EndGlobal
